
Microsoft Visual Studio Solution File, Format Version 12.00
# Visual Studio Version 17
VisualStudioVersion = 17.2.32616.157
MinimumVisualStudioVersion = 10.0.40219.1
Project("{FAE04EC0-301F-11D3-BF4B-00C04F79EFBC}") = "21 -Mvc ViewBag", "21 -Mvc ViewBag\21 -Mvc ViewBag.csproj", "{A1789CAB-409B-478B-88B8-43B9F8CBF64F}"
EndProject
Global
	GlobalSection(SolutionConfigurationPlatforms) = preSolution
		Debug|Any CPU = Debug|Any CPU
		Release|Any CPU = Release|Any CPU
	EndGlobalSection
	GlobalSection(ProjectConfigurationPlatforms) = postSolution
		{A1789CAB-409B-478B-88B8-43B9F8CBF64F}.Debug|Any CPU.ActiveCfg = Debug|Any CPU
		{A1789CAB-409B-478B-88B8-43B9F8CBF64F}.Debug|Any CPU.Build.0 = Debug|Any CPU
		{A1789CAB-409B-478B-88B8-43B9F8CBF64F}.Release|Any CPU.ActiveCfg = Release|Any CPU
		{A1789CAB-409B-478B-88B8-43B9F8CBF64F}.Release|Any CPU.Build.0 = Release|Any CPU
	EndGlobalSection
	GlobalSection(SolutionProperties) = preSolution
		HideSolutionNode = FALSE
	EndGlobalSection
	GlobalSection(ExtensibilityGlobals) = postSolution
		SolutionGuid = {3D9A0BD1-B1FF-4D30-821E-E1EE9E51603C}
	EndGlobalSection
EndGlobal
