
Microsoft Visual Studio Solution File, Format Version 12.00
# Visual Studio Version 17
VisualStudioVersion = 17.2.32616.157
MinimumVisualStudioVersion = 10.0.40219.1
Project("{FAE04EC0-301F-11D3-BF4B-00C04F79EFBC}") = "18 - Session Management", "18 - Session Management\18 - Session Management.csproj", "{1570924B-0AD9-4315-94EE-F981CB0EB37C}"
EndProject
Global
	GlobalSection(SolutionConfigurationPlatforms) = preSolution
		Debug|Any CPU = Debug|Any CPU
		Release|Any CPU = Release|Any CPU
	EndGlobalSection
	GlobalSection(ProjectConfigurationPlatforms) = postSolution
		{1570924B-0AD9-4315-94EE-F981CB0EB37C}.Debug|Any CPU.ActiveCfg = Debug|Any CPU
		{1570924B-0AD9-4315-94EE-F981CB0EB37C}.Debug|Any CPU.Build.0 = Debug|Any CPU
		{1570924B-0AD9-4315-94EE-F981CB0EB37C}.Release|Any CPU.ActiveCfg = Release|Any CPU
		{1570924B-0AD9-4315-94EE-F981CB0EB37C}.Release|Any CPU.Build.0 = Release|Any CPU
	EndGlobalSection
	GlobalSection(SolutionProperties) = preSolution
		HideSolutionNode = FALSE
	EndGlobalSection
	GlobalSection(ExtensibilityGlobals) = postSolution
		SolutionGuid = {8BECDE06-F351-482C-868A-634DB279DE54}
	EndGlobalSection
EndGlobal
