
Microsoft Visual Studio Solution File, Format Version 12.00
# Visual Studio Version 17
VisualStudioVersion = 17.2.32616.157
MinimumVisualStudioVersion = 10.0.40219.1
Project("{FAE04EC0-301F-11D3-BF4B-00C04F79EFBC}") = "12 - LinqToSQLClass Course and Product CRUD", "12 - LinqToSQLClass Course and Product CRUD\12 - LinqToSQLClass Course and Product CRUD.csproj", "{4BE32C34-083D-4F67-8510-71D901DF4A41}"
EndProject
Global
	GlobalSection(SolutionConfigurationPlatforms) = preSolution
		Debug|Any CPU = Debug|Any CPU
		Release|Any CPU = Release|Any CPU
	EndGlobalSection
	GlobalSection(ProjectConfigurationPlatforms) = postSolution
		{4BE32C34-083D-4F67-8510-71D901DF4A41}.Debug|Any CPU.ActiveCfg = Debug|Any CPU
		{4BE32C34-083D-4F67-8510-71D901DF4A41}.Debug|Any CPU.Build.0 = Debug|Any CPU
		{4BE32C34-083D-4F67-8510-71D901DF4A41}.Release|Any CPU.ActiveCfg = Release|Any CPU
		{4BE32C34-083D-4F67-8510-71D901DF4A41}.Release|Any CPU.Build.0 = Release|Any CPU
	EndGlobalSection
	GlobalSection(SolutionProperties) = preSolution
		HideSolutionNode = FALSE
	EndGlobalSection
	GlobalSection(ExtensibilityGlobals) = postSolution
		SolutionGuid = {AEA360ED-A4B5-4AF9-AC56-183BB72BDD6B}
	EndGlobalSection
EndGlobal
