
Microsoft Visual Studio Solution File, Format Version 12.00
# Visual Studio Version 17
VisualStudioVersion = 17.2.32616.157
MinimumVisualStudioVersion = 10.0.40219.1
Project("{FAE04EC0-301F-11D3-BF4B-00C04F79EFBC}") = "2-Bank", "2-Bank\2-Bank.csproj", "{3F66AF69-B9CA-4873-A315-699FF291ECBD}"
EndProject
Global
	GlobalSection(SolutionConfigurationPlatforms) = preSolution
		Debug|Any CPU = Debug|Any CPU
		Release|Any CPU = Release|Any CPU
	EndGlobalSection
	GlobalSection(ProjectConfigurationPlatforms) = postSolution
		{3F66AF69-B9CA-4873-A315-699FF291ECBD}.Debug|Any CPU.ActiveCfg = Debug|Any CPU
		{3F66AF69-B9CA-4873-A315-699FF291ECBD}.Debug|Any CPU.Build.0 = Debug|Any CPU
		{3F66AF69-B9CA-4873-A315-699FF291ECBD}.Release|Any CPU.ActiveCfg = Release|Any CPU
		{3F66AF69-B9CA-4873-A315-699FF291ECBD}.Release|Any CPU.Build.0 = Release|Any CPU
	EndGlobalSection
	GlobalSection(SolutionProperties) = preSolution
		HideSolutionNode = FALSE
	EndGlobalSection
	GlobalSection(ExtensibilityGlobals) = postSolution
		SolutionGuid = {37A39266-8D84-4B4E-BF10-8873623A7894}
	EndGlobalSection
EndGlobal
