
Microsoft Visual Studio Solution File, Format Version 12.00
# Visual Studio Version 17
VisualStudioVersion = 17.2.32616.157
MinimumVisualStudioVersion = 10.0.40219.1
Project("{FAE04EC0-301F-11D3-BF4B-00C04F79EFBC}") = "10 - StudentInfo", "10 - StudentInfo\10 - StudentInfo.csproj", "{45B220B0-C385-43A6-A517-E63FF8D05FB0}"
EndProject
Global
	GlobalSection(SolutionConfigurationPlatforms) = preSolution
		Debug|Any CPU = Debug|Any CPU
		Release|Any CPU = Release|Any CPU
	EndGlobalSection
	GlobalSection(ProjectConfigurationPlatforms) = postSolution
		{45B220B0-C385-43A6-A517-E63FF8D05FB0}.Debug|Any CPU.ActiveCfg = Debug|Any CPU
		{45B220B0-C385-43A6-A517-E63FF8D05FB0}.Debug|Any CPU.Build.0 = Debug|Any CPU
		{45B220B0-C385-43A6-A517-E63FF8D05FB0}.Release|Any CPU.ActiveCfg = Release|Any CPU
		{45B220B0-C385-43A6-A517-E63FF8D05FB0}.Release|Any CPU.Build.0 = Release|Any CPU
	EndGlobalSection
	GlobalSection(SolutionProperties) = preSolution
		HideSolutionNode = FALSE
	EndGlobalSection
	GlobalSection(ExtensibilityGlobals) = postSolution
		SolutionGuid = {B40DB021-2416-47F9-92FF-D5D9BBB3334F}
	EndGlobalSection
EndGlobal
